
Microsoft Visual Studio Solution File, Format Version 12.00
# Visual Studio Version 17
VisualStudioVersion = 17.7.34031.279
MinimumVisualStudioVersion = 10.0.40219.1
Project("{FAE04EC0-301F-11D3-BF4B-00C04F79EFBC}") = "WEB-Reklam", "WEB-Reklam\WEB-Reklam.csproj", "{8876D889-FC2B-49F2-A9A1-32A6F2D012FF}"
EndProject
Project("{FAE04EC0-301F-11D3-BF4B-00C04F79EFBC}") = "ApplicationCore-Reklam", "ApplicationCore-Reklam\ApplicationCore-Reklam.csproj", "{5E2EF235-A1B1-4120-809A-DBC72E86E326}"
EndProject
Project("{FAE04EC0-301F-11D3-BF4B-00C04F79EFBC}") = "Infrastructure-Reklam", "Infrastructure-Reklam\Infrastructure-Reklam.csproj", "{F6DF36F6-CEB1-442D-A616-9DE20CE9C984}"
EndProject
Global
	GlobalSection(SolutionConfigurationPlatforms) = preSolution
		Debug|Any CPU = Debug|Any CPU
		Release|Any CPU = Release|Any CPU
	EndGlobalSection
	GlobalSection(ProjectConfigurationPlatforms) = postSolution
		{8876D889-FC2B-49F2-A9A1-32A6F2D012FF}.Debug|Any CPU.ActiveCfg = Debug|Any CPU
		{8876D889-FC2B-49F2-A9A1-32A6F2D012FF}.Debug|Any CPU.Build.0 = Debug|Any CPU
		{8876D889-FC2B-49F2-A9A1-32A6F2D012FF}.Release|Any CPU.ActiveCfg = Release|Any CPU
		{8876D889-FC2B-49F2-A9A1-32A6F2D012FF}.Release|Any CPU.Build.0 = Release|Any CPU
		{5E2EF235-A1B1-4120-809A-DBC72E86E326}.Debug|Any CPU.ActiveCfg = Debug|Any CPU
		{5E2EF235-A1B1-4120-809A-DBC72E86E326}.Debug|Any CPU.Build.0 = Debug|Any CPU
		{5E2EF235-A1B1-4120-809A-DBC72E86E326}.Release|Any CPU.ActiveCfg = Release|Any CPU
		{5E2EF235-A1B1-4120-809A-DBC72E86E326}.Release|Any CPU.Build.0 = Release|Any CPU
		{F6DF36F6-CEB1-442D-A616-9DE20CE9C984}.Debug|Any CPU.ActiveCfg = Debug|Any CPU
		{F6DF36F6-CEB1-442D-A616-9DE20CE9C984}.Debug|Any CPU.Build.0 = Debug|Any CPU
		{F6DF36F6-CEB1-442D-A616-9DE20CE9C984}.Release|Any CPU.ActiveCfg = Release|Any CPU
		{F6DF36F6-CEB1-442D-A616-9DE20CE9C984}.Release|Any CPU.Build.0 = Release|Any CPU
	EndGlobalSection
	GlobalSection(SolutionProperties) = preSolution
		HideSolutionNode = FALSE
	EndGlobalSection
	GlobalSection(ExtensibilityGlobals) = postSolution
		SolutionGuid = {D7E6218D-E32E-4993-9DEB-2545F0C83222}
	EndGlobalSection
EndGlobal
